
Microsoft Visual Studio Solution File, Format Version 12.00
# Visual Studio Version 17
VisualStudioVersion = 17.8.34322.80
MinimumVisualStudioVersion = 10.0.40219.1
Project("{FAE04EC0-301F-11D3-BF4B-00C04F79EFBC}") = "NDBPRules", "NDBPRules\NDBPRules.csproj", "{29FA4DB9-A30D-49EE-AA01-17AA6B148D63}"
EndProject
Project("{9A19103F-16F7-4668-BE54-9A1E7A4F7556}") = "NDXPP", "NDXPP\NDXPP.csproj", "{A1D73BF2-CD2A-43C0-B3E7-868F377CFE63}"
EndProject
Global
	GlobalSection(SolutionConfigurationPlatforms) = preSolution
		Debug|Any CPU = Debug|Any CPU
		Release|Any CPU = Release|Any CPU
	EndGlobalSection
	GlobalSection(ProjectConfigurationPlatforms) = postSolution
		{29FA4DB9-A30D-49EE-AA01-17AA6B148D63}.Debug|Any CPU.ActiveCfg = Debug|Any CPU
		{29FA4DB9-A30D-49EE-AA01-17AA6B148D63}.Debug|Any CPU.Build.0 = Debug|Any CPU
		{29FA4DB9-A30D-49EE-AA01-17AA6B148D63}.Release|Any CPU.ActiveCfg = Release|Any CPU
		{29FA4DB9-A30D-49EE-AA01-17AA6B148D63}.Release|Any CPU.Build.0 = Release|Any CPU
		{A1D73BF2-CD2A-43C0-B3E7-868F377CFE63}.Debug|Any CPU.ActiveCfg = Debug|Any CPU
		{A1D73BF2-CD2A-43C0-B3E7-868F377CFE63}.Debug|Any CPU.Build.0 = Debug|Any CPU
		{A1D73BF2-CD2A-43C0-B3E7-868F377CFE63}.Release|Any CPU.ActiveCfg = Release|Any CPU
		{A1D73BF2-CD2A-43C0-B3E7-868F377CFE63}.Release|Any CPU.Build.0 = Release|Any CPU
	EndGlobalSection
	GlobalSection(SolutionProperties) = preSolution
		HideSolutionNode = FALSE
	EndGlobalSection
	GlobalSection(ExtensibilityGlobals) = postSolution
		SolutionGuid = {5CB24349-C658-45BD-9784-0E53E278C552}
	EndGlobalSection
EndGlobal
